# This file is automatically @generated by Cargo.
# It is not intended for manual editing.
version = 4

[[package]]
name = "netusage-common"
version = "0.1.0"

[[package]]
name = "netusage-ipc"
version = "0.1.0"

[[package]]
name = "netusage-store"
version = "0.1.0"

[[package]]
name = "netusage-tui"
version = "0.1.0"
